
Microsoft Visual Studio Solution File, Format Version 12.00
# Visual Studio Version 17
VisualStudioVersion = 17.3.32825.248
MinimumVisualStudioVersion = 10.0.40219.1
Project("{FAE04EC0-301F-11D3-BF4B-00C04F79EFBC}") = "NGCHashtable", "NGCHashtable\NGCHashtable.csproj", "{18128700-8D49-409E-B497-28F38CF160A4}"
EndProject
Global
	GlobalSection(SolutionConfigurationPlatforms) = preSolution
		Debug|Any CPU = Debug|Any CPU
		Release|Any CPU = Release|Any CPU
	EndGlobalSection
	GlobalSection(ProjectConfigurationPlatforms) = postSolution
		{18128700-8D49-409E-B497-28F38CF160A4}.Debug|Any CPU.ActiveCfg = Debug|Any CPU
		{18128700-8D49-409E-B497-28F38CF160A4}.Debug|Any CPU.Build.0 = Debug|Any CPU
		{18128700-8D49-409E-B497-28F38CF160A4}.Release|Any CPU.ActiveCfg = Release|Any CPU
		{18128700-8D49-409E-B497-28F38CF160A4}.Release|Any CPU.Build.0 = Release|Any CPU
	EndGlobalSection
	GlobalSection(SolutionProperties) = preSolution
		HideSolutionNode = FALSE
	EndGlobalSection
	GlobalSection(ExtensibilityGlobals) = postSolution
		SolutionGuid = {0A2F9110-011D-41B9-BFC3-38B250313462}
	EndGlobalSection
EndGlobal
